
Microsoft Visual Studio Solution File, Format Version 11.00
# Visual Studio 2010
Project("{8BC9CEB8-8B4A-11D0-8D11-00A0C91BC942}") = "Multicraft", "Multicraft.vcxproj", "{6ED49785-F41F-4DE8-9E25-9B84C64A1499}"
EndProject
Global
	GlobalSection(SolutionConfigurationPlatforms) = preSolution
		Debug|Win32 = Debug|Win32
		Release|Win32 = Release|Win32
		ShadersDebug|Win32 = ShadersDebug|Win32
		ShadersRelease|Win32 = ShadersRelease|Win32
	EndGlobalSection
	GlobalSection(ProjectConfigurationPlatforms) = postSolution
		{6ED49785-F41F-4DE8-9E25-9B84C64A1499}.Debug|Win32.ActiveCfg = Debug|Win32
		{6ED49785-F41F-4DE8-9E25-9B84C64A1499}.Debug|Win32.Build.0 = Debug|Win32
		{6ED49785-F41F-4DE8-9E25-9B84C64A1499}.Release|Win32.ActiveCfg = Release|Win32
		{6ED49785-F41F-4DE8-9E25-9B84C64A1499}.Release|Win32.Build.0 = Release|Win32
		{6ED49785-F41F-4DE8-9E25-9B84C64A1499}.ShadersDebug|Win32.ActiveCfg = ShadersDebug|Win32
		{6ED49785-F41F-4DE8-9E25-9B84C64A1499}.ShadersDebug|Win32.Build.0 = ShadersDebug|Win32
		{6ED49785-F41F-4DE8-9E25-9B84C64A1499}.ShadersRelease|Win32.ActiveCfg = ShadersRelease|Win32
		{6ED49785-F41F-4DE8-9E25-9B84C64A1499}.ShadersRelease|Win32.Build.0 = ShadersRelease|Win32
	EndGlobalSection
	GlobalSection(SolutionProperties) = preSolution
		HideSolutionNode = FALSE
	EndGlobalSection
EndGlobal
